
Microsoft Visual Studio Solution File, Format Version 12.00
# Visual Studio Version 17
VisualStudioVersion = 17.11.35219.272
MinimumVisualStudioVersion = 10.0.40219.1
Project("{FAE04EC0-301F-11D3-BF4B-00C04F79EFBC}") = "Demo_", "Buoi9\Demo_.csproj", "{746226D2-31E4-4ACB-9BA4-1601BD80872D}"
EndProject
Global
	GlobalSection(SolutionConfigurationPlatforms) = preSolution
		Debug|Any CPU = Debug|Any CPU
		Release|Any CPU = Release|Any CPU
	EndGlobalSection
	GlobalSection(ProjectConfigurationPlatforms) = postSolution
		{746226D2-31E4-4ACB-9BA4-1601BD80872D}.Debug|Any CPU.ActiveCfg = Debug|Any CPU
		{746226D2-31E4-4ACB-9BA4-1601BD80872D}.Debug|Any CPU.Build.0 = Debug|Any CPU
		{746226D2-31E4-4ACB-9BA4-1601BD80872D}.Release|Any CPU.ActiveCfg = Release|Any CPU
		{746226D2-31E4-4ACB-9BA4-1601BD80872D}.Release|Any CPU.Build.0 = Release|Any CPU
	EndGlobalSection
	GlobalSection(SolutionProperties) = preSolution
		HideSolutionNode = FALSE
	EndGlobalSection
EndGlobal
